
Microsoft Visual Studio Solution File, Format Version 11.00
# Visual Studio 2010
Project("{FAE04EC0-301F-11D3-BF4B-00C04F79EFBC}") = "Assembly-CSharp", "Assembly-CSharp.csproj", "{E6ED53CD-6151-4F8B-5BFE-BFD8DB19B019}"
EndProject
Project("{FAE04EC0-301F-11D3-BF4B-00C04F79EFBC}") = "Assembly-CSharp-Editor", "Assembly-CSharp-Editor.csproj", "{B28EB86F-4F02-FE54-6153-4A5F44E08996}"
EndProject
Global
	GlobalSection(SolutionConfigurationPlatforms) = preSolution
		Debug|Any CPU = Debug|Any CPU
		Release|Any CPU = Release|Any CPU
	EndGlobalSection
	GlobalSection(ProjectConfigurationPlatforms) = postSolution
		{E6ED53CD-6151-4F8B-5BFE-BFD8DB19B019}.Debug|Any CPU.ActiveCfg = Debug|Any CPU
		{E6ED53CD-6151-4F8B-5BFE-BFD8DB19B019}.Debug|Any CPU.Build.0 = Debug|Any CPU
		{E6ED53CD-6151-4F8B-5BFE-BFD8DB19B019}.Release|Any CPU.ActiveCfg = Release|Any CPU
		{E6ED53CD-6151-4F8B-5BFE-BFD8DB19B019}.Release|Any CPU.Build.0 = Release|Any CPU
		{B28EB86F-4F02-FE54-6153-4A5F44E08996}.Debug|Any CPU.ActiveCfg = Debug|Any CPU
		{B28EB86F-4F02-FE54-6153-4A5F44E08996}.Debug|Any CPU.Build.0 = Debug|Any CPU
		{B28EB86F-4F02-FE54-6153-4A5F44E08996}.Release|Any CPU.ActiveCfg = Release|Any CPU
		{B28EB86F-4F02-FE54-6153-4A5F44E08996}.Release|Any CPU.Build.0 = Release|Any CPU
	EndGlobalSection
	GlobalSection(SolutionProperties) = preSolution
		HideSolutionNode = FALSE
	EndGlobalSection
EndGlobal
